
Microsoft Visual Studio Solution File, Format Version 12.00
# Visual Studio Version 17
VisualStudioVersion = 17.14.36203.30 d17.14
MinimumVisualStudioVersion = 10.0.40219.1
Project("{FAE04EC0-301F-11D3-BF4B-00C04F79EFBC}") = "Workspace-Management-System.Api", "Workspace-Management-System.Api\Workspace-Management-System.Api.csproj", "{36243F31-0A76-4446-943F-A349E06C1551}"
EndProject
Project("{FAE04EC0-301F-11D3-BF4B-00C04F79EFBC}") = "Workspace-Management-System.Infrastructure", "Workspace-Management-System.Infrastructure\Workspace-Management-System.Infrastructure.csproj", "{C1A2553B-25DC-46A3-8C3D-80D99255CB7C}"
EndProject
Project("{FAE04EC0-301F-11D3-BF4B-00C04F79EFBC}") = "Workspace-Management-System.Domain", "Workspace-Management-System.Domain\Workspace-Management-System.Domain.csproj", "{8C4E6492-0198-4065-ADF2-EEADB1E77E6C}"
EndProject
Project("{FAE04EC0-301F-11D3-BF4B-00C04F79EFBC}") = "Workspace-Management-System.Application", "Workspace-Management-System.Application\Workspace-Management-System.Application.csproj", "{C5E4037C-4500-44C9-BD5A-ED281FA5915F}"
EndProject
Global
	GlobalSection(SolutionConfigurationPlatforms) = preSolution
		Debug|Any CPU = Debug|Any CPU
		Release|Any CPU = Release|Any CPU
	EndGlobalSection
	GlobalSection(ProjectConfigurationPlatforms) = postSolution
		{36243F31-0A76-4446-943F-A349E06C1551}.Debug|Any CPU.ActiveCfg = Debug|Any CPU
		{36243F31-0A76-4446-943F-A349E06C1551}.Debug|Any CPU.Build.0 = Debug|Any CPU
		{36243F31-0A76-4446-943F-A349E06C1551}.Release|Any CPU.ActiveCfg = Release|Any CPU
		{36243F31-0A76-4446-943F-A349E06C1551}.Release|Any CPU.Build.0 = Release|Any CPU
		{C1A2553B-25DC-46A3-8C3D-80D99255CB7C}.Debug|Any CPU.ActiveCfg = Debug|Any CPU
		{C1A2553B-25DC-46A3-8C3D-80D99255CB7C}.Debug|Any CPU.Build.0 = Debug|Any CPU
		{C1A2553B-25DC-46A3-8C3D-80D99255CB7C}.Release|Any CPU.ActiveCfg = Release|Any CPU
		{C1A2553B-25DC-46A3-8C3D-80D99255CB7C}.Release|Any CPU.Build.0 = Release|Any CPU
		{8C4E6492-0198-4065-ADF2-EEADB1E77E6C}.Debug|Any CPU.ActiveCfg = Debug|Any CPU
		{8C4E6492-0198-4065-ADF2-EEADB1E77E6C}.Debug|Any CPU.Build.0 = Debug|Any CPU
		{8C4E6492-0198-4065-ADF2-EEADB1E77E6C}.Release|Any CPU.ActiveCfg = Release|Any CPU
		{8C4E6492-0198-4065-ADF2-EEADB1E77E6C}.Release|Any CPU.Build.0 = Release|Any CPU
		{C5E4037C-4500-44C9-BD5A-ED281FA5915F}.Debug|Any CPU.ActiveCfg = Debug|Any CPU
		{C5E4037C-4500-44C9-BD5A-ED281FA5915F}.Debug|Any CPU.Build.0 = Debug|Any CPU
		{C5E4037C-4500-44C9-BD5A-ED281FA5915F}.Release|Any CPU.ActiveCfg = Release|Any CPU
		{C5E4037C-4500-44C9-BD5A-ED281FA5915F}.Release|Any CPU.Build.0 = Release|Any CPU
	EndGlobalSection
	GlobalSection(SolutionProperties) = preSolution
		HideSolutionNode = FALSE
	EndGlobalSection
	GlobalSection(ExtensibilityGlobals) = postSolution
		SolutionGuid = {0AA7D891-EE51-4CC1-A2F5-5C282B926C4A}
	EndGlobalSection
EndGlobal
